
Microsoft Visual Studio Solution File, Format Version 12.00
Project("{FAE04EC0-301F-11D3-BF4B-00C04F79EFBC}") = "HudlWeather", "HudlWeather\HudlWeather.csproj", "{13B3FA61-1B67-4A34-92C2-CA7FFE3A3413}"
EndProject
Project("{FAE04EC0-301F-11D3-BF4B-00C04F79EFBC}") = "HudlWeather.Tests", "HudlWeather.Tests\HudlWeather.Tests.csproj", "{1D7F53BD-6FED-4881-972B-127EFDB5F18A}"
EndProject
Global
	GlobalSection(SolutionConfigurationPlatforms) = preSolution
		Debug|Any CPU = Debug|Any CPU
		Release|Any CPU = Release|Any CPU
	EndGlobalSection
	GlobalSection(ProjectConfigurationPlatforms) = postSolution
		{13B3FA61-1B67-4A34-92C2-CA7FFE3A3413}.Debug|Any CPU.ActiveCfg = Debug|Any CPU
		{13B3FA61-1B67-4A34-92C2-CA7FFE3A3413}.Debug|Any CPU.Build.0 = Debug|Any CPU
		{13B3FA61-1B67-4A34-92C2-CA7FFE3A3413}.Release|Any CPU.ActiveCfg = Release|Any CPU
		{13B3FA61-1B67-4A34-92C2-CA7FFE3A3413}.Release|Any CPU.Build.0 = Release|Any CPU
		{1D7F53BD-6FED-4881-972B-127EFDB5F18A}.Debug|Any CPU.ActiveCfg = Debug|Any CPU
		{1D7F53BD-6FED-4881-972B-127EFDB5F18A}.Debug|Any CPU.Build.0 = Debug|Any CPU
		{1D7F53BD-6FED-4881-972B-127EFDB5F18A}.Release|Any CPU.ActiveCfg = Release|Any CPU
		{1D7F53BD-6FED-4881-972B-127EFDB5F18A}.Release|Any CPU.Build.0 = Release|Any CPU
	EndGlobalSection
EndGlobal
